// !$*UTF8*$!
{
	archiveVersion = 1;
	classes = {
	};
	objectVersion = 55;
	objects = {

/* Begin PBXBuildFile section */
		E3206BA327E5ED7400D70E33 /* FilterViewController.swift in Sources */ = {isa = PBXBuildFile; fileRef = E3206BA227E5ED7400D70E33 /* FilterViewController.swift */; };
		E3206BA827E606AE00D70E33 /* SortTableCell.swift in Sources */ = {isa = PBXBuildFile; fileRef = E3206BA627E606AE00D70E33 /* SortTableCell.swift */; };
		E3206BA927E606AE00D70E33 /* SortTableCell.xib in Resources */ = {isa = PBXBuildFile; fileRef = E3206BA727E606AE00D70E33 /* SortTableCell.xib */; };
		E333C5E127E4F971008F9E5E /* HomeTableCell.swift in Sources */ = {isa = PBXBuildFile; fileRef = E333C5DF27E4F971008F9E5E /* HomeTableCell.swift */; };
		E333C5E227E4F971008F9E5E /* HomeTableCell.xib in Resources */ = {isa = PBXBuildFile; fileRef = E333C5E027E4F971008F9E5E /* HomeTableCell.xib */; };
		E341170B27E216A500964E5F /* AppDelegate.swift in Sources */ = {isa = PBXBuildFile; fileRef = E341170A27E216A500964E5F /* AppDelegate.swift */; };
		E341170D27E216A500964E5F /* SceneDelegate.swift in Sources */ = {isa = PBXBuildFile; fileRef = E341170C27E216A500964E5F /* SceneDelegate.swift */; };
		E341170F27E216A500964E5F /* ViewController.swift in Sources */ = {isa = PBXBuildFile; fileRef = E341170E27E216A500964E5F /* ViewController.swift */; };
		E341171227E216A500964E5F /* Main.storyboard in Resources */ = {isa = PBXBuildFile; fileRef = E341171027E216A500964E5F /* Main.storyboard */; };
		E341171527E216A500964E5F /* Address_Data.xcdatamodeld in Sources */ = {isa = PBXBuildFile; fileRef = E341171327E216A500964E5F /* Address_Data.xcdatamodeld */; };
		E341171727E216A800964E5F /* Assets.xcassets in Resources */ = {isa = PBXBuildFile; fileRef = E341171627E216A800964E5F /* Assets.xcassets */; };
		E341171A27E216A800964E5F /* LaunchScreen.storyboard in Resources */ = {isa = PBXBuildFile; fileRef = E341171827E216A800964E5F /* LaunchScreen.storyboard */; };
		E341172327E227C100964E5F /* AddressDatabase.swift in Sources */ = {isa = PBXBuildFile; fileRef = E341172227E227C100964E5F /* AddressDatabase.swift */; };
		E341172727E25E3A00964E5F /* FieldsViewController.swift in Sources */ = {isa = PBXBuildFile; fileRef = E341172627E25E3A00964E5F /* FieldsViewController.swift */; };
		E3A6919227E3B204008E7D29 /* UserAddressData+CoreDataClass.swift in Sources */ = {isa = PBXBuildFile; fileRef = E3A6919027E3B204008E7D29 /* UserAddressData+CoreDataClass.swift */; };
		E3A6919327E3B204008E7D29 /* UserAddressData+CoreDataProperties.swift in Sources */ = {isa = PBXBuildFile; fileRef = E3A6919127E3B204008E7D29 /* UserAddressData+CoreDataProperties.swift */; };
		E3A6919927E3B8FC008E7D29 /* UserAddressDataModel.swift in Sources */ = {isa = PBXBuildFile; fileRef = E3A6919827E3B8FC008E7D29 /* UserAddressDataModel.swift */; };
/* End PBXBuildFile section */

/* Begin PBXFileReference section */
		E3206BA227E5ED7400D70E33 /* FilterViewController.swift */ = {isa = PBXFileReference; lastKnownFileType = sourcecode.swift; path = FilterViewController.swift; sourceTree = "<group>"; };
		E3206BA627E606AE00D70E33 /* SortTableCell.swift */ = {isa = PBXFileReference; lastKnownFileType = sourcecode.swift; path = SortTableCell.swift; sourceTree = "<group>"; };
		E3206BA727E606AE00D70E33 /* SortTableCell.xib */ = {isa = PBXFileReference; lastKnownFileType = file.xib; path = SortTableCell.xib; sourceTree = "<group>"; };
		E333C5DF27E4F971008F9E5E /* HomeTableCell.swift */ = {isa = PBXFileReference; lastKnownFileType = sourcecode.swift; path = HomeTableCell.swift; sourceTree = "<group>"; };
		E333C5E027E4F971008F9E5E /* HomeTableCell.xib */ = {isa = PBXFileReference; lastKnownFileType = file.xib; path = HomeTableCell.xib; sourceTree = "<group>"; };
		E341170727E216A500964E5F /* Hands on Core Data.app */ = {isa = PBXFileReference; explicitFileType = wrapper.application; includeInIndex = 0; path = "Hands on Core Data.app"; sourceTree = BUILT_PRODUCTS_DIR; };
		E341170A27E216A500964E5F /* AppDelegate.swift */ = {isa = PBXFileReference; lastKnownFileType = sourcecode.swift; path = AppDelegate.swift; sourceTree = "<group>"; };
		E341170C27E216A500964E5F /* SceneDelegate.swift */ = {isa = PBXFileReference; lastKnownFileType = sourcecode.swift; path = SceneDelegate.swift; sourceTree = "<group>"; };
		E341170E27E216A500964E5F /* ViewController.swift */ = {isa = PBXFileReference; lastKnownFileType = sourcecode.swift; path = ViewController.swift; sourceTree = "<group>"; };
		E341171127E216A500964E5F /* Base */ = {isa = PBXFileReference; lastKnownFileType = file.storyboard; name = Base; path = Base.lproj/Main.storyboard; sourceTree = "<group>"; };
		E341171427E216A500964E5F /* Hands_on_Core_Data.xcdatamodel */ = {isa = PBXFileReference; lastKnownFileType = wrapper.xcdatamodel; path = Hands_on_Core_Data.xcdatamodel; sourceTree = "<group>"; };
		E341171627E216A800964E5F /* Assets.xcassets */ = {isa = PBXFileReference; lastKnownFileType = folder.assetcatalog; path = Assets.xcassets; sourceTree = "<group>"; };
		E341171927E216A800964E5F /* Base */ = {isa = PBXFileReference; lastKnownFileType = file.storyboard; name = Base; path = Base.lproj/LaunchScreen.storyboard; sourceTree = "<group>"; };
		E341171B27E216A800964E5F /* Info.plist */ = {isa = PBXFileReference; lastKnownFileType = text.plist.xml; path = Info.plist; sourceTree = "<group>"; };
		E341172227E227C100964E5F /* AddressDatabase.swift */ = {isa = PBXFileReference; lastKnownFileType = sourcecode.swift; path = AddressDatabase.swift; sourceTree = "<group>"; };
		E341172627E25E3A00964E5F /* FieldsViewController.swift */ = {isa = PBXFileReference; lastKnownFileType = sourcecode.swift; path = FieldsViewController.swift; sourceTree = "<group>"; };
		E3A6919027E3B204008E7D29 /* UserAddressData+CoreDataClass.swift */ = {isa = PBXFileReference; lastKnownFileType = sourcecode.swift; path = "UserAddressData+CoreDataClass.swift"; sourceTree = "<group>"; };
		E3A6919127E3B204008E7D29 /* UserAddressData+CoreDataProperties.swift */ = {isa = PBXFileReference; lastKnownFileType = sourcecode.swift; path = "UserAddressData+CoreDataProperties.swift"; sourceTree = "<group>"; };
		E3A6919827E3B8FC008E7D29 /* UserAddressDataModel.swift */ = {isa = PBXFileReference; lastKnownFileType = sourcecode.swift; path = UserAddressDataModel.swift; sourceTree = "<group>"; };
/* End PBXFileReference section */

/* Begin PBXFrameworksBuildPhase section */
		E341170427E216A500964E5F /* Frameworks */ = {
			isa = PBXFrameworksBuildPhase;
			buildActionMask = 2147483647;
			files = (
			);
			runOnlyForDeploymentPostprocessing = 0;
		};
/* End PBXFrameworksBuildPhase section */

/* Begin PBXGroup section */
		E3206BA427E605F200D70E33 /* Filter */ = {
			isa = PBXGroup;
			children = (
				E3206BA227E5ED7400D70E33 /* FilterViewController.swift */,
				E3206BA627E606AE00D70E33 /* SortTableCell.swift */,
				E3206BA727E606AE00D70E33 /* SortTableCell.xib */,
			);
			path = Filter;
			sourceTree = "<group>";
		};
		E3206BA527E6060600D70E33 /* Home */ = {
			isa = PBXGroup;
			children = (
				E341170E27E216A500964E5F /* ViewController.swift */,
				E333C5DF27E4F971008F9E5E /* HomeTableCell.swift */,
				E333C5E027E4F971008F9E5E /* HomeTableCell.xib */,
			);
			path = Home;
			sourceTree = "<group>";
		};
		E34116FE27E216A500964E5F = {
			isa = PBXGroup;
			children = (
				E341170927E216A500964E5F /* Hands on Core Data */,
				E341170827E216A500964E5F /* Products */,
			);
			sourceTree = "<group>";
		};
		E341170827E216A500964E5F /* Products */ = {
			isa = PBXGroup;
			children = (
				E341170727E216A500964E5F /* Hands on Core Data.app */,
			);
			name = Products;
			sourceTree = "<group>";
		};
		E341170927E216A500964E5F /* Hands on Core Data */ = {
			isa = PBXGroup;
			children = (
				E341170A27E216A500964E5F /* AppDelegate.swift */,
				E341170C27E216A500964E5F /* SceneDelegate.swift */,
				E341172827E26C4000964E5F /* Address */,
				E341171627E216A800964E5F /* Assets.xcassets */,
				E341171827E216A800964E5F /* LaunchScreen.storyboard */,
				E341171B27E216A800964E5F /* Info.plist */,
			);
			path = "Hands on Core Data";
			sourceTree = "<group>";
		};
		E341172827E26C4000964E5F /* Address */ = {
			isa = PBXGroup;
			children = (
				E341171327E216A500964E5F /* Address_Data.xcdatamodeld */,
				E3A6919427E3B22B008E7D29 /* CoreData Classes */,
				E3A6919527E3B887008E7D29 /* Database */,
				E3A6919727E3B8D2008E7D29 /* Models */,
				E3A6919627E3B8A8008E7D29 /* View */,
				E341171027E216A500964E5F /* Main.storyboard */,
			);
			path = Address;
			sourceTree = "<group>";
		};
		E3A6919427E3B22B008E7D29 /* CoreData Classes */ = {
			isa = PBXGroup;
			children = (
				E3A6919027E3B204008E7D29 /* UserAddressData+CoreDataClass.swift */,
				E3A6919127E3B204008E7D29 /* UserAddressData+CoreDataProperties.swift */,
			);
			path = "CoreData Classes";
			sourceTree = "<group>";
		};
		E3A6919527E3B887008E7D29 /* Database */ = {
			isa = PBXGroup;
			children = (
				E341172227E227C100964E5F /* AddressDatabase.swift */,
			);
			path = Database;
			sourceTree = "<group>";
		};
		E3A6919627E3B8A8008E7D29 /* View */ = {
			isa = PBXGroup;
			children = (
				E3206BA527E6060600D70E33 /* Home */,
				E3206BA427E605F200D70E33 /* Filter */,
				E341172627E25E3A00964E5F /* FieldsViewController.swift */,
			);
			path = View;
			sourceTree = "<group>";
		};
		E3A6919727E3B8D2008E7D29 /* Models */ = {
			isa = PBXGroup;
			children = (
				E3A6919827E3B8FC008E7D29 /* UserAddressDataModel.swift */,
			);
			path = Models;
			sourceTree = "<group>";
		};
/* End PBXGroup section */

/* Begin PBXNativeTarget section */
		E341170627E216A500964E5F /* Hands on Core Data */ = {
			isa = PBXNativeTarget;
			buildConfigurationList = E341171E27E216A800964E5F /* Build configuration list for PBXNativeTarget "Hands on Core Data" */;
			buildPhases = (
				E341170327E216A500964E5F /* Sources */,
				E341170427E216A500964E5F /* Frameworks */,
				E341170527E216A500964E5F /* Resources */,
			);
			buildRules = (
			);
			dependencies = (
			);
			name = "Hands on Core Data";
			productName = "Hands on Core Data";
			productReference = E341170727E216A500964E5F /* Hands on Core Data.app */;
			productType = "com.apple.product-type.application";
		};
/* End PBXNativeTarget section */

/* Begin PBXProject section */
		E34116FF27E216A500964E5F /* Project object */ = {
			isa = PBXProject;
			attributes = {
				BuildIndependentTargetsInParallel = 1;
				LastSwiftUpdateCheck = 1320;
				LastUpgradeCheck = 1320;
				TargetAttributes = {
					E341170627E216A500964E5F = {
						CreatedOnToolsVersion = 13.2.1;
					};
				};
			};
			buildConfigurationList = E341170227E216A500964E5F /* Build configuration list for PBXProject "Hands on Core Data" */;
			compatibilityVersion = "Xcode 13.0";
			developmentRegion = en;
			hasScannedForEncodings = 0;
			knownRegions = (
				en,
				Base,
			);
			mainGroup = E34116FE27E216A500964E5F;
			productRefGroup = E341170827E216A500964E5F /* Products */;
			projectDirPath = "";
			projectRoot = "";
			targets = (
				E341170627E216A500964E5F /* Hands on Core Data */,
			);
		};
/* End PBXProject section */

/* Begin PBXResourcesBuildPhase section */
		E341170527E216A500964E5F /* Resources */ = {
			isa = PBXResourcesBuildPhase;
			buildActionMask = 2147483647;
			files = (
				E341171A27E216A800964E5F /* LaunchScreen.storyboard in Resources */,
				E341171727E216A800964E5F /* Assets.xcassets in Resources */,
				E3206BA927E606AE00D70E33 /* SortTableCell.xib in Resources */,
				E341171227E216A500964E5F /* Main.storyboard in Resources */,
				E333C5E227E4F971008F9E5E /* HomeTableCell.xib in Resources */,
			);
			runOnlyForDeploymentPostprocessing = 0;
		};
/* End PBXResourcesBuildPhase section */

/* Begin PBXSourcesBuildPhase section */
		E341170327E216A500964E5F /* Sources */ = {
			isa = PBXSourcesBuildPhase;
			buildActionMask = 2147483647;
			files = (
				E3A6919227E3B204008E7D29 /* UserAddressData+CoreDataClass.swift in Sources */,
				E341170F27E216A500964E5F /* ViewController.swift in Sources */,
				E341170B27E216A500964E5F /* AppDelegate.swift in Sources */,
				E333C5E127E4F971008F9E5E /* HomeTableCell.swift in Sources */,
				E3A6919927E3B8FC008E7D29 /* UserAddressDataModel.swift in Sources */,
				E3206BA327E5ED7400D70E33 /* FilterViewController.swift in Sources */,
				E3206BA827E606AE00D70E33 /* SortTableCell.swift in Sources */,
				E341171527E216A500964E5F /* Address_Data.xcdatamodeld in Sources */,
				E341172327E227C100964E5F /* AddressDatabase.swift in Sources */,
				E3A6919327E3B204008E7D29 /* UserAddressData+CoreDataProperties.swift in Sources */,
				E341170D27E216A500964E5F /* SceneDelegate.swift in Sources */,
				E341172727E25E3A00964E5F /* FieldsViewController.swift in Sources */,
			);
			runOnlyForDeploymentPostprocessing = 0;
		};
/* End PBXSourcesBuildPhase section */

/* Begin PBXVariantGroup section */
		E341171027E216A500964E5F /* Main.storyboard */ = {
			isa = PBXVariantGroup;
			children = (
				E341171127E216A500964E5F /* Base */,
			);
			name = Main.storyboard;
			sourceTree = "<group>";
		};
		E341171827E216A800964E5F /* LaunchScreen.storyboard */ = {
			isa = PBXVariantGroup;
			children = (
				E341171927E216A800964E5F /* Base */,
			);
			name = LaunchScreen.storyboard;
			sourceTree = "<group>";
		};
/* End PBXVariantGroup section */

/* Begin XCBuildConfiguration section */
		E341171C27E216A800964E5F /* Debug */ = {
			isa = XCBuildConfiguration;
			buildSettings = {
				ALWAYS_SEARCH_USER_PATHS = NO;
				CLANG_ANALYZER_NONNULL = YES;
				CLANG_ANALYZER_NUMBER_OBJECT_CONVERSION = YES_AGGRESSIVE;
				CLANG_CXX_LANGUAGE_STANDARD = "gnu++17";
				CLANG_CXX_LIBRARY = "libc++";
				CLANG_ENABLE_MODULES = YES;
				CLANG_ENABLE_OBJC_ARC = YES;
				CLANG_ENABLE_OBJC_WEAK = YES;
				CLANG_WARN_BLOCK_CAPTURE_AUTORELEASING = YES;
				CLANG_WARN_BOOL_CONVERSION = YES;
				CLANG_WARN_COMMA = YES;
				CLANG_WARN_CONSTANT_CONVERSION = YES;
				CLANG_WARN_DEPRECATED_OBJC_IMPLEMENTATIONS = YES;
				CLANG_WARN_DIRECT_OBJC_ISA_USAGE = YES_ERROR;
				CLANG_WARN_DOCUMENTATION_COMMENTS = YES;
				CLANG_WARN_EMPTY_BODY = YES;
				CLANG_WARN_ENUM_CONVERSION = YES;
				CLANG_WARN_INFINITE_RECURSION = YES;
				CLANG_WARN_INT_CONVERSION = YES;
				CLANG_WARN_NON_LITERAL_NULL_CONVERSION = YES;
				CLANG_WARN_OBJC_IMPLICIT_RETAIN_SELF = YES;
				CLANG_WARN_OBJC_LITERAL_CONVERSION = YES;
				CLANG_WARN_OBJC_ROOT_CLASS = YES_ERROR;
				CLANG_WARN_QUOTED_INCLUDE_IN_FRAMEWORK_HEADER = YES;
				CLANG_WARN_RANGE_LOOP_ANALYSIS = YES;
				CLANG_WARN_STRICT_PROTOTYPES = YES;
				CLANG_WARN_SUSPICIOUS_MOVE = YES;
				CLANG_WARN_UNGUARDED_AVAILABILITY = YES_AGGRESSIVE;
				CLANG_WARN_UNREACHABLE_CODE = YES;
				CLANG_WARN__DUPLICATE_METHOD_MATCH = YES;
				COPY_PHASE_STRIP = NO;
				DEBUG_INFORMATION_FORMAT = dwarf;
				ENABLE_STRICT_OBJC_MSGSEND = YES;
				ENABLE_TESTABILITY = YES;
				GCC_C_LANGUAGE_STANDARD = gnu11;
				GCC_DYNAMIC_NO_PIC = NO;
				GCC_NO_COMMON_BLOCKS = YES;
				GCC_OPTIMIZATION_LEVEL = 0;
				GCC_PREPROCESSOR_DEFINITIONS = (
					"DEBUG=1",
					"$(inherited)",
				);
				GCC_WARN_64_TO_32_BIT_CONVERSION = YES;
				GCC_WARN_ABOUT_RETURN_TYPE = YES_ERROR;
				GCC_WARN_UNDECLARED_SELECTOR = YES;
				GCC_WARN_UNINITIALIZED_AUTOS = YES_AGGRESSIVE;
				GCC_WARN_UNUSED_FUNCTION = YES;
				GCC_WARN_UNUSED_VARIABLE = YES;
				IPHONEOS_DEPLOYMENT_TARGET = 15.2;
				MTL_ENABLE_DEBUG_INFO = INCLUDE_SOURCE;
				MTL_FAST_MATH = YES;
				ONLY_ACTIVE_ARCH = YES;
				SDKROOT = iphoneos;
				SWIFT_ACTIVE_COMPILATION_CONDITIONS = DEBUG;
				SWIFT_OPTIMIZATION_LEVEL = "-Onone";
			};
			name = Debug;
		};
		E341171D27E216A800964E5F /* Release */ = {
			isa = XCBuildConfiguration;
			buildSettings = {
				ALWAYS_SEARCH_USER_PATHS = NO;
				CLANG_ANALYZER_NONNULL = YES;
				CLANG_ANALYZER_NUMBER_OBJECT_CONVERSION = YES_AGGRESSIVE;
				CLANG_CXX_LANGUAGE_STANDARD = "gnu++17";
				CLANG_CXX_LIBRARY = "libc++";
				CLANG_ENABLE_MODULES = YES;
				CLANG_ENABLE_OBJC_ARC = YES;
				CLANG_ENABLE_OBJC_WEAK = YES;
				CLANG_WARN_BLOCK_CAPTURE_AUTORELEASING = YES;
				CLANG_WARN_BOOL_CONVERSION = YES;
				CLANG_WARN_COMMA = YES;
				CLANG_WARN_CONSTANT_CONVERSION = YES;
				CLANG_WARN_DEPRECATED_OBJC_IMPLEMENTATIONS = YES;
				CLANG_WARN_DIRECT_OBJC_ISA_USAGE = YES_ERROR;
				CLANG_WARN_DOCUMENTATION_COMMENTS = YES;
				CLANG_WARN_EMPTY_BODY = YES;
				CLANG_WARN_ENUM_CONVERSION = YES;
				CLANG_WARN_INFINITE_RECURSION = YES;
				CLANG_WARN_INT_CONVERSION = YES;
				CLANG_WARN_NON_LITERAL_NULL_CONVERSION = YES;
				CLANG_WARN_OBJC_IMPLICIT_RETAIN_SELF = YES;
				CLANG_WARN_OBJC_LITERAL_CONVERSION = YES;
				CLANG_WARN_OBJC_ROOT_CLASS = YES_ERROR;
				CLANG_WARN_QUOTED_INCLUDE_IN_FRAMEWORK_HEADER = YES;
				CLANG_WARN_RANGE_LOOP_ANALYSIS = YES;
				CLANG_WARN_STRICT_PROTOTYPES = YES;
				CLANG_WARN_SUSPICIOUS_MOVE = YES;
				CLANG_WARN_UNGUARDED_AVAILABILITY = YES_AGGRESSIVE;
				CLANG_WARN_UNREACHABLE_CODE = YES;
				CLANG_WARN__DUPLICATE_METHOD_MATCH = YES;
				COPY_PHASE_STRIP = NO;
				DEBUG_INFORMATION_FORMAT = "dwarf-with-dsym";
				ENABLE_NS_ASSERTIONS = NO;
				ENABLE_STRICT_OBJC_MSGSEND = YES;
				GCC_C_LANGUAGE_STANDARD = gnu11;
				GCC_NO_COMMON_BLOCKS = YES;
				GCC_WARN_64_TO_32_BIT_CONVERSION = YES;
				GCC_WARN_ABOUT_RETURN_TYPE = YES_ERROR;
				GCC_WARN_UNDECLARED_SELECTOR = YES;
				GCC_WARN_UNINITIALIZED_AUTOS = YES_AGGRESSIVE;
				GCC_WARN_UNUSED_FUNCTION = YES;
				GCC_WARN_UNUSED_VARIABLE = YES;
				IPHONEOS_DEPLOYMENT_TARGET = 15.2;
				MTL_ENABLE_DEBUG_INFO = NO;
				MTL_FAST_MATH = YES;
				SDKROOT = iphoneos;
				SWIFT_COMPILATION_MODE = wholemodule;
				SWIFT_OPTIMIZATION_LEVEL = "-O";
				VALIDATE_PRODUCT = YES;
			};
			name = Release;
		};
		E341171F27E216A800964E5F /* Debug */ = {
			isa = XCBuildConfiguration;
			buildSettings = {
				ASSETCATALOG_COMPILER_APPICON_NAME = AppIcon;
				ASSETCATALOG_COMPILER_GLOBAL_ACCENT_COLOR_NAME = AccentColor;
				CODE_SIGN_STYLE = Automatic;
				CURRENT_PROJECT_VERSION = 1;
				DEVELOPMENT_TEAM = YLK2B9WJGW;
				GENERATE_INFOPLIST_FILE = YES;
				INFOPLIST_FILE = "Hands on Core Data/Info.plist";
				INFOPLIST_KEY_UIApplicationSupportsIndirectInputEvents = YES;
				INFOPLIST_KEY_UILaunchStoryboardName = LaunchScreen;
				INFOPLIST_KEY_UIMainStoryboardFile = Main;
				INFOPLIST_KEY_UISupportedInterfaceOrientations_iPad = "UIInterfaceOrientationPortrait UIInterfaceOrientationPortraitUpsideDown UIInterfaceOrientationLandscapeLeft UIInterfaceOrientationLandscapeRight";
				INFOPLIST_KEY_UISupportedInterfaceOrientations_iPhone = "UIInterfaceOrientationPortrait UIInterfaceOrientationLandscapeLeft UIInterfaceOrientationLandscapeRight";
				LD_RUNPATH_SEARCH_PATHS = (
					"$(inherited)",
					"@executable_path/Frameworks",
				);
				MARKETING_VERSION = 1.0;
				PRODUCT_BUNDLE_IDENTIFIER = "abt.Hands-on-Core-Data";
				PRODUCT_NAME = "$(TARGET_NAME)";
				SWIFT_EMIT_LOC_STRINGS = YES;
				SWIFT_VERSION = 5.0;
				TARGETED_DEVICE_FAMILY = "1,2";
			};
			name = Debug;
		};
		E341172027E216A800964E5F /* Release */ = {
			isa = XCBuildConfiguration;
			buildSettings = {
				ASSETCATALOG_COMPILER_APPICON_NAME = AppIcon;
				ASSETCATALOG_COMPILER_GLOBAL_ACCENT_COLOR_NAME = AccentColor;
				CODE_SIGN_STYLE = Automatic;
				CURRENT_PROJECT_VERSION = 1;
				DEVELOPMENT_TEAM = YLK2B9WJGW;
				GENERATE_INFOPLIST_FILE = YES;
				INFOPLIST_FILE = "Hands on Core Data/Info.plist";
				INFOPLIST_KEY_UIApplicationSupportsIndirectInputEvents = YES;
				INFOPLIST_KEY_UILaunchStoryboardName = LaunchScreen;
				INFOPLIST_KEY_UIMainStoryboardFile = Main;
				INFOPLIST_KEY_UISupportedInterfaceOrientations_iPad = "UIInterfaceOrientationPortrait UIInterfaceOrientationPortraitUpsideDown UIInterfaceOrientationLandscapeLeft UIInterfaceOrientationLandscapeRight";
				INFOPLIST_KEY_UISupportedInterfaceOrientations_iPhone = "UIInterfaceOrientationPortrait UIInterfaceOrientationLandscapeLeft UIInterfaceOrientationLandscapeRight";
				LD_RUNPATH_SEARCH_PATHS = (
					"$(inherited)",
					"@executable_path/Frameworks",
				);
				MARKETING_VERSION = 1.0;
				PRODUCT_BUNDLE_IDENTIFIER = "abt.Hands-on-Core-Data";
				PRODUCT_NAME = "$(TARGET_NAME)";
				SWIFT_EMIT_LOC_STRINGS = YES;
				SWIFT_VERSION = 5.0;
				TARGETED_DEVICE_FAMILY = "1,2";
			};
			name = Release;
		};
/* End XCBuildConfiguration section */

/* Begin XCConfigurationList section */
		E341170227E216A500964E5F /* Build configuration list for PBXProject "Hands on Core Data" */ = {
			isa = XCConfigurationList;
			buildConfigurations = (
				E341171C27E216A800964E5F /* Debug */,
				E341171D27E216A800964E5F /* Release */,
			);
			defaultConfigurationIsVisible = 0;
			defaultConfigurationName = Release;
		};
		E341171E27E216A800964E5F /* Build configuration list for PBXNativeTarget "Hands on Core Data" */ = {
			isa = XCConfigurationList;
			buildConfigurations = (
				E341171F27E216A800964E5F /* Debug */,
				E341172027E216A800964E5F /* Release */,
			);
			defaultConfigurationIsVisible = 0;
			defaultConfigurationName = Release;
		};
/* End XCConfigurationList section */

/* Begin XCVersionGroup section */
		E341171327E216A500964E5F /* Address_Data.xcdatamodeld */ = {
			isa = XCVersionGroup;
			children = (
				E341171427E216A500964E5F /* Hands_on_Core_Data.xcdatamodel */,
			);
			currentVersion = E341171427E216A500964E5F /* Hands_on_Core_Data.xcdatamodel */;
			path = Address_Data.xcdatamodeld;
			sourceTree = "<group>";
			versionGroupType = wrapper.xcdatamodel;
		};
/* End XCVersionGroup section */
	};
	rootObject = E34116FF27E216A500964E5F /* Project object */;
}
